// !$*UTF8*$!
{
	archiveVersion = 1;
	classes = {
	};
	objectVersion = 46;
	objects = {

/* Begin PBXBuildFile section */
		811B68961DA89ACE00903A02 /* AppDelegate.swift in Sources */ = {isa = PBXBuildFile; fileRef = 811B68951DA89ACE00903A02 /* AppDelegate.swift */; };
		811B689B1DA89ACE00903A02 /* Main.storyboard in Resources */ = {isa = PBXBuildFile; fileRef = 811B68991DA89ACE00903A02 /* Main.storyboard */; };
		811B689E1DA89ACE00903A02 /* Lights.xcdatamodeld in Sources */ = {isa = PBXBuildFile; fileRef = 811B689C1DA89ACE00903A02 /* Lights.xcdatamodeld */; };
		811B68A01DA89ACE00903A02 /* Assets.xcassets in Resources */ = {isa = PBXBuildFile; fileRef = 811B689F1DA89ACE00903A02 /* Assets.xcassets */; };
		811B68A31DA89ACE00903A02 /* LaunchScreen.storyboard in Resources */ = {isa = PBXBuildFile; fileRef = 811B68A11DA89ACE00903A02 /* LaunchScreen.storyboard */; };
		811B68B01DA8A20400903A02 /* SanFranciscoText-Bold.otf in Resources */ = {isa = PBXBuildFile; fileRef = 811B68AA1DA8A15200903A02 /* SanFranciscoText-Bold.otf */; };
		811B68B11DA8A20400903A02 /* SanFranciscoText-Heavy.otf in Resources */ = {isa = PBXBuildFile; fileRef = 811B68AB1DA8A15200903A02 /* SanFranciscoText-Heavy.otf */; };
		811B68B21DA8A20400903A02 /* SanFranciscoText-Light.otf in Resources */ = {isa = PBXBuildFile; fileRef = 811B68AC1DA8A15200903A02 /* SanFranciscoText-Light.otf */; };
		811B68B31DA8A20400903A02 /* SanFranciscoText-Medium.otf in Resources */ = {isa = PBXBuildFile; fileRef = 811B68AD1DA8A15200903A02 /* SanFranciscoText-Medium.otf */; };
		811B68B41DA8A20400903A02 /* SanFranciscoText-Regular.otf in Resources */ = {isa = PBXBuildFile; fileRef = 811B68AE1DA8A15200903A02 /* SanFranciscoText-Regular.otf */; };
		811B68B51DA8A20400903A02 /* SanFranciscoText-Semibold.otf in Resources */ = {isa = PBXBuildFile; fileRef = 811B68AF1DA8A15200903A02 /* SanFranciscoText-Semibold.otf */; };
		81F8EAEF1DB2E72700820979 /* MainViewController.swift in Sources */ = {isa = PBXBuildFile; fileRef = 81F8EAEE1DB2E72700820979 /* MainViewController.swift */; };
/* End PBXBuildFile section */

/* Begin PBXFileReference section */
		811B68921DA89ACE00903A02 /* Lights.app */ = {isa = PBXFileReference; explicitFileType = wrapper.application; includeInIndex = 0; path = Lights.app; sourceTree = BUILT_PRODUCTS_DIR; };
		811B68951DA89ACE00903A02 /* AppDelegate.swift */ = {isa = PBXFileReference; lastKnownFileType = sourcecode.swift; path = AppDelegate.swift; sourceTree = "<group>"; };
		811B689A1DA89ACE00903A02 /* Base */ = {isa = PBXFileReference; lastKnownFileType = file.storyboard; name = Base; path = Base.lproj/Main.storyboard; sourceTree = "<group>"; };
		811B689D1DA89ACE00903A02 /* Lights.xcdatamodel */ = {isa = PBXFileReference; lastKnownFileType = wrapper.xcdatamodel; path = Lights.xcdatamodel; sourceTree = "<group>"; };
		811B689F1DA89ACE00903A02 /* Assets.xcassets */ = {isa = PBXFileReference; lastKnownFileType = folder.assetcatalog; path = Assets.xcassets; sourceTree = "<group>"; };
		811B68A21DA89ACE00903A02 /* Base */ = {isa = PBXFileReference; lastKnownFileType = file.storyboard; name = Base; path = Base.lproj/LaunchScreen.storyboard; sourceTree = "<group>"; };
		811B68A41DA89ACE00903A02 /* Info.plist */ = {isa = PBXFileReference; lastKnownFileType = text.plist.xml; path = Info.plist; sourceTree = "<group>"; };
		811B68AA1DA8A15200903A02 /* SanFranciscoText-Bold.otf */ = {isa = PBXFileReference; lastKnownFileType = file; path = "SanFranciscoText-Bold.otf"; sourceTree = "<group>"; };
		811B68AB1DA8A15200903A02 /* SanFranciscoText-Heavy.otf */ = {isa = PBXFileReference; lastKnownFileType = file; path = "SanFranciscoText-Heavy.otf"; sourceTree = "<group>"; };
		811B68AC1DA8A15200903A02 /* SanFranciscoText-Light.otf */ = {isa = PBXFileReference; lastKnownFileType = file; path = "SanFranciscoText-Light.otf"; sourceTree = "<group>"; };
		811B68AD1DA8A15200903A02 /* SanFranciscoText-Medium.otf */ = {isa = PBXFileReference; lastKnownFileType = file; path = "SanFranciscoText-Medium.otf"; sourceTree = "<group>"; };
		811B68AE1DA8A15200903A02 /* SanFranciscoText-Regular.otf */ = {isa = PBXFileReference; lastKnownFileType = file; path = "SanFranciscoText-Regular.otf"; sourceTree = "<group>"; };
		811B68AF1DA8A15200903A02 /* SanFranciscoText-Semibold.otf */ = {isa = PBXFileReference; lastKnownFileType = file; path = "SanFranciscoText-Semibold.otf"; sourceTree = "<group>"; };
		81F8EAEE1DB2E72700820979 /* MainViewController.swift */ = {isa = PBXFileReference; fileEncoding = 4; lastKnownFileType = sourcecode.swift; path = MainViewController.swift; sourceTree = "<group>"; };
/* End PBXFileReference section */

/* Begin PBXFrameworksBuildPhase section */
		811B688F1DA89ACD00903A02 /* Frameworks */ = {
			isa = PBXFrameworksBuildPhase;
			buildActionMask = 2147483647;
			files = (
			);
			runOnlyForDeploymentPostprocessing = 0;
		};
/* End PBXFrameworksBuildPhase section */

/* Begin PBXGroup section */
		811B68891DA89ACD00903A02 = {
			isa = PBXGroup;
			children = (
				811B68941DA89ACE00903A02 /* Lights */,
				811B68931DA89ACE00903A02 /* Products */,
			);
			sourceTree = "<group>";
		};
		811B68931DA89ACE00903A02 /* Products */ = {
			isa = PBXGroup;
			children = (
				811B68921DA89ACE00903A02 /* Lights.app */,
			);
			name = Products;
			sourceTree = "<group>";
		};
		811B68941DA89ACE00903A02 /* Lights */ = {
			isa = PBXGroup;
			children = (
				811B68B61DA8A20A00903A02 /* Font */,
				811B68951DA89ACE00903A02 /* AppDelegate.swift */,
				81F8EAEE1DB2E72700820979 /* MainViewController.swift */,
				811B68991DA89ACE00903A02 /* Main.storyboard */,
				811B689F1DA89ACE00903A02 /* Assets.xcassets */,
				811B68A11DA89ACE00903A02 /* LaunchScreen.storyboard */,
				811B68A41DA89ACE00903A02 /* Info.plist */,
				811B689C1DA89ACE00903A02 /* Lights.xcdatamodeld */,
			);
			path = Lights;
			sourceTree = "<group>";
		};
		811B68B61DA8A20A00903A02 /* Font */ = {
			isa = PBXGroup;
			children = (
				811B68AF1DA8A15200903A02 /* SanFranciscoText-Semibold.otf */,
				811B68AA1DA8A15200903A02 /* SanFranciscoText-Bold.otf */,
				811B68AB1DA8A15200903A02 /* SanFranciscoText-Heavy.otf */,
				811B68AC1DA8A15200903A02 /* SanFranciscoText-Light.otf */,
				811B68AD1DA8A15200903A02 /* SanFranciscoText-Medium.otf */,
				811B68AE1DA8A15200903A02 /* SanFranciscoText-Regular.otf */,
			);
			name = Font;
			sourceTree = "<group>";
		};
/* End PBXGroup section */

/* Begin PBXNativeTarget section */
		811B68911DA89ACD00903A02 /* Lights */ = {
			isa = PBXNativeTarget;
			buildConfigurationList = 811B68A71DA89ACE00903A02 /* Build configuration list for PBXNativeTarget "Lights" */;
			buildPhases = (
				811B688E1DA89ACD00903A02 /* Sources */,
				811B688F1DA89ACD00903A02 /* Frameworks */,
				811B68901DA89ACD00903A02 /* Resources */,
			);
			buildRules = (
			);
			dependencies = (
			);
			name = Lights;
			productName = Lights;
			productReference = 811B68921DA89ACE00903A02 /* Lights.app */;
			productType = "com.apple.product-type.application";
		};
/* End PBXNativeTarget section */

/* Begin PBXProject section */
		811B688A1DA89ACD00903A02 /* Project object */ = {
			isa = PBXProject;
			attributes = {
				LastSwiftUpdateCheck = 0800;
				LastUpgradeCheck = 0800;
				ORGANIZATIONNAME = "Pedro Sandoval";
				TargetAttributes = {
					811B68911DA89ACD00903A02 = {
						CreatedOnToolsVersion = 8.0;
						DevelopmentTeam = 5HLDUZFLDY;
						ProvisioningStyle = Automatic;
					};
				};
			};
			buildConfigurationList = 811B688D1DA89ACD00903A02 /* Build configuration list for PBXProject "Lights" */;
			compatibilityVersion = "Xcode 3.2";
			developmentRegion = English;
			hasScannedForEncodings = 0;
			knownRegions = (
				en,
				Base,
			);
			mainGroup = 811B68891DA89ACD00903A02;
			productRefGroup = 811B68931DA89ACE00903A02 /* Products */;
			projectDirPath = "";
			projectRoot = "";
			targets = (
				811B68911DA89ACD00903A02 /* Lights */,
			);
		};
/* End PBXProject section */

/* Begin PBXResourcesBuildPhase section */
		811B68901DA89ACD00903A02 /* Resources */ = {
			isa = PBXResourcesBuildPhase;
			buildActionMask = 2147483647;
			files = (
				811B68B01DA8A20400903A02 /* SanFranciscoText-Bold.otf in Resources */,
				811B68B11DA8A20400903A02 /* SanFranciscoText-Heavy.otf in Resources */,
				811B68B21DA8A20400903A02 /* SanFranciscoText-Light.otf in Resources */,
				811B68B31DA8A20400903A02 /* SanFranciscoText-Medium.otf in Resources */,
				811B68B41DA8A20400903A02 /* SanFranciscoText-Regular.otf in Resources */,
				811B68B51DA8A20400903A02 /* SanFranciscoText-Semibold.otf in Resources */,
				811B68A31DA89ACE00903A02 /* LaunchScreen.storyboard in Resources */,
				811B68A01DA89ACE00903A02 /* Assets.xcassets in Resources */,
				811B689B1DA89ACE00903A02 /* Main.storyboard in Resources */,
			);
			runOnlyForDeploymentPostprocessing = 0;
		};
/* End PBXResourcesBuildPhase section */

/* Begin PBXSourcesBuildPhase section */
		811B688E1DA89ACD00903A02 /* Sources */ = {
			isa = PBXSourcesBuildPhase;
			buildActionMask = 2147483647;
			files = (
				81F8EAEF1DB2E72700820979 /* MainViewController.swift in Sources */,
				811B689E1DA89ACE00903A02 /* Lights.xcdatamodeld in Sources */,
				811B68961DA89ACE00903A02 /* AppDelegate.swift in Sources */,
			);
			runOnlyForDeploymentPostprocessing = 0;
		};
/* End PBXSourcesBuildPhase section */

/* Begin PBXVariantGroup section */
		811B68991DA89ACE00903A02 /* Main.storyboard */ = {
			isa = PBXVariantGroup;
			children = (
				811B689A1DA89ACE00903A02 /* Base */,
			);
			name = Main.storyboard;
			sourceTree = "<group>";
		};
		811B68A11DA89ACE00903A02 /* LaunchScreen.storyboard */ = {
			isa = PBXVariantGroup;
			children = (
				811B68A21DA89ACE00903A02 /* Base */,
			);
			name = LaunchScreen.storyboard;
			sourceTree = "<group>";
		};
/* End PBXVariantGroup section */

/* Begin XCBuildConfiguration section */
		811B68A51DA89ACE00903A02 /* Debug */ = {
			isa = XCBuildConfiguration;
			buildSettings = {
				ALWAYS_SEARCH_USER_PATHS = NO;
				CLANG_ANALYZER_NONNULL = YES;
				CLANG_CXX_LANGUAGE_STANDARD = "gnu++0x";
				CLANG_CXX_LIBRARY = "libc++";
				CLANG_ENABLE_MODULES = YES;
				CLANG_ENABLE_OBJC_ARC = YES;
				CLANG_WARN_BOOL_CONVERSION = YES;
				CLANG_WARN_CONSTANT_CONVERSION = YES;
				CLANG_WARN_DIRECT_OBJC_ISA_USAGE = YES_ERROR;
				CLANG_WARN_DOCUMENTATION_COMMENTS = YES;
				CLANG_WARN_EMPTY_BODY = YES;
				CLANG_WARN_ENUM_CONVERSION = YES;
				CLANG_WARN_INFINITE_RECURSION = YES;
				CLANG_WARN_INT_CONVERSION = YES;
				CLANG_WARN_OBJC_ROOT_CLASS = YES_ERROR;
				CLANG_WARN_SUSPICIOUS_MOVES = YES;
				CLANG_WARN_UNREACHABLE_CODE = YES;
				CLANG_WARN__DUPLICATE_METHOD_MATCH = YES;
				"CODE_SIGN_IDENTITY[sdk=iphoneos*]" = "iPhone Developer";
				COPY_PHASE_STRIP = NO;
				DEBUG_INFORMATION_FORMAT = dwarf;
				ENABLE_STRICT_OBJC_MSGSEND = YES;
				ENABLE_TESTABILITY = YES;
				GCC_C_LANGUAGE_STANDARD = gnu99;
				GCC_DYNAMIC_NO_PIC = NO;
				GCC_NO_COMMON_BLOCKS = YES;
				GCC_OPTIMIZATION_LEVEL = 0;
				GCC_PREPROCESSOR_DEFINITIONS = (
					"DEBUG=1",
					"$(inherited)",
				);
				GCC_WARN_64_TO_32_BIT_CONVERSION = YES;
				GCC_WARN_ABOUT_RETURN_TYPE = YES_ERROR;
				GCC_WARN_UNDECLARED_SELECTOR = YES;
				GCC_WARN_UNINITIALIZED_AUTOS = YES_AGGRESSIVE;
				GCC_WARN_UNUSED_FUNCTION = YES;
				GCC_WARN_UNUSED_VARIABLE = YES;
				IPHONEOS_DEPLOYMENT_TARGET = 10.0;
				MTL_ENABLE_DEBUG_INFO = YES;
				ONLY_ACTIVE_ARCH = YES;
				SDKROOT = iphoneos;
				SWIFT_ACTIVE_COMPILATION_CONDITIONS = DEBUG;
				SWIFT_OPTIMIZATION_LEVEL = "-Onone";
			};
			name = Debug;
		};
		811B68A61DA89ACE00903A02 /* Release */ = {
			isa = XCBuildConfiguration;
			buildSettings = {
				ALWAYS_SEARCH_USER_PATHS = NO;
				CLANG_ANALYZER_NONNULL = YES;
				CLANG_CXX_LANGUAGE_STANDARD = "gnu++0x";
				CLANG_CXX_LIBRARY = "libc++";
				CLANG_ENABLE_MODULES = YES;
				CLANG_ENABLE_OBJC_ARC = YES;
				CLANG_WARN_BOOL_CONVERSION = YES;
				CLANG_WARN_CONSTANT_CONVERSION = YES;
				CLANG_WARN_DIRECT_OBJC_ISA_USAGE = YES_ERROR;
				CLANG_WARN_DOCUMENTATION_COMMENTS = YES;
				CLANG_WARN_EMPTY_BODY = YES;
				CLANG_WARN_ENUM_CONVERSION = YES;
				CLANG_WARN_INFINITE_RECURSION = YES;
				CLANG_WARN_INT_CONVERSION = YES;
				CLANG_WARN_OBJC_ROOT_CLASS = YES_ERROR;
				CLANG_WARN_SUSPICIOUS_MOVES = YES;
				CLANG_WARN_UNREACHABLE_CODE = YES;
				CLANG_WARN__DUPLICATE_METHOD_MATCH = YES;
				"CODE_SIGN_IDENTITY[sdk=iphoneos*]" = "iPhone Developer";
				COPY_PHASE_STRIP = NO;
				DEBUG_INFORMATION_FORMAT = "dwarf-with-dsym";
				ENABLE_NS_ASSERTIONS = NO;
				ENABLE_STRICT_OBJC_MSGSEND = YES;
				GCC_C_LANGUAGE_STANDARD = gnu99;
				GCC_NO_COMMON_BLOCKS = YES;
				GCC_WARN_64_TO_32_BIT_CONVERSION = YES;
				GCC_WARN_ABOUT_RETURN_TYPE = YES_ERROR;
				GCC_WARN_UNDECLARED_SELECTOR = YES;
				GCC_WARN_UNINITIALIZED_AUTOS = YES_AGGRESSIVE;
				GCC_WARN_UNUSED_FUNCTION = YES;
				GCC_WARN_UNUSED_VARIABLE = YES;
				IPHONEOS_DEPLOYMENT_TARGET = 10.0;
				MTL_ENABLE_DEBUG_INFO = NO;
				SDKROOT = iphoneos;
				SWIFT_OPTIMIZATION_LEVEL = "-Owholemodule";
				VALIDATE_PRODUCT = YES;
			};
			name = Release;
		};
		811B68A81DA89ACE00903A02 /* Debug */ = {
			isa = XCBuildConfiguration;
			buildSettings = {
				ASSETCATALOG_COMPILER_APPICON_NAME = AppIcon;
				DEVELOPMENT_TEAM = 5HLDUZFLDY;
				INFOPLIST_FILE = Lights/Info.plist;
				LD_RUNPATH_SEARCH_PATHS = "$(inherited) @executable_path/Frameworks";
				PRODUCT_BUNDLE_IDENTIFIER = com.sandovalsoftware.Lights;
				PRODUCT_NAME = "$(TARGET_NAME)";
				SWIFT_VERSION = 3.0;
			};
			name = Debug;
		};
		811B68A91DA89ACE00903A02 /* Release */ = {
			isa = XCBuildConfiguration;
			buildSettings = {
				ASSETCATALOG_COMPILER_APPICON_NAME = AppIcon;
				DEVELOPMENT_TEAM = 5HLDUZFLDY;
				INFOPLIST_FILE = Lights/Info.plist;
				LD_RUNPATH_SEARCH_PATHS = "$(inherited) @executable_path/Frameworks";
				PRODUCT_BUNDLE_IDENTIFIER = com.sandovalsoftware.Lights;
				PRODUCT_NAME = "$(TARGET_NAME)";
				SWIFT_VERSION = 3.0;
			};
			name = Release;
		};
/* End XCBuildConfiguration section */

/* Begin XCConfigurationList section */
		811B688D1DA89ACD00903A02 /* Build configuration list for PBXProject "Lights" */ = {
			isa = XCConfigurationList;
			buildConfigurations = (
				811B68A51DA89ACE00903A02 /* Debug */,
				811B68A61DA89ACE00903A02 /* Release */,
			);
			defaultConfigurationIsVisible = 0;
			defaultConfigurationName = Release;
		};
		811B68A71DA89ACE00903A02 /* Build configuration list for PBXNativeTarget "Lights" */ = {
			isa = XCConfigurationList;
			buildConfigurations = (
				811B68A81DA89ACE00903A02 /* Debug */,
				811B68A91DA89ACE00903A02 /* Release */,
			);
			defaultConfigurationIsVisible = 0;
			defaultConfigurationName = Release;
		};
/* End XCConfigurationList section */

/* Begin XCVersionGroup section */
		811B689C1DA89ACE00903A02 /* Lights.xcdatamodeld */ = {
			isa = XCVersionGroup;
			children = (
				811B689D1DA89ACE00903A02 /* Lights.xcdatamodel */,
			);
			currentVersion = 811B689D1DA89ACE00903A02 /* Lights.xcdatamodel */;
			path = Lights.xcdatamodeld;
			sourceTree = "<group>";
			versionGroupType = wrapper.xcdatamodel;
		};
/* End XCVersionGroup section */
	};
	rootObject = 811B688A1DA89ACD00903A02 /* Project object */;
}
